dependencies:
  espressif/led_strip:
    dependencies: []
    source:
      path: C:\Users\allan\Documents\freETarget\Software\ESP32\components\espressif__led_strip
      type: local
    version: 2.4.1
  idf:
    source:
      type: idf
    version: 5.3.1
direct_dependencies:
- espressif/led_strip
- idf
manifest_hash: 6a59b5f872de27124e9d4583618cd76d05ab2cacb57778a2a4c96a74c5bf1efc
target: esp32s3
version: 2.0.0
