dependencies:
  espressif__led_strip:
    component_hash: null
    source:
      path: C:\Users\allan\Documents\freETarget\Software\ESP32\components\espressif__led_strip
      type: local
    version: 2.4.1
  idf:
    component_hash: null
    source:
      type: idf
    version: 5.0.0
manifest_hash: d715625c55316e1fd2a0fc978e9fd8f0cfbe76d0f1c278254e4516fe1042c4f9
target: esp32s3
version: 1.0.0
