
Microsoft Visual Studio Solution File, Format Version 12.00
# Visual Studio Version 16
VisualStudioVersion = 16.0.30011.22
MinimumVisualStudioVersion = 10.0.40219.1
Project("{FAE04EC0-301F-11D3-BF4B-00C04F79EFBC}") = "freETarget", "freETarget.csproj", "{F86A4BE5-5D39-4891-BD8B-D36BCF9F7305}"
EndProject
Global
	GlobalSection(SolutionConfigurationPlatforms) = preSolution
		Debug|Any CPU = Debug|Any CPU
		Release|Any CPU = Release|Any CPU
	EndGlobalSection
	GlobalSection(ProjectConfigurationPlatforms) = postSolution
		{F86A4BE5-5D39-4891-BD8B-D36BCF9F7305}.Debug|Any CPU.ActiveCfg = Debug|Any CPU
		{F86A4BE5-5D39-4891-BD8B-D36BCF9F7305}.Debug|Any CPU.Build.0 = Debug|Any CPU
		{F86A4BE5-5D39-4891-BD8B-D36BCF9F7305}.Release|Any CPU.ActiveCfg = Release|Any CPU
		{F86A4BE5-5D39-4891-BD8B-D36BCF9F7305}.Release|Any CPU.Build.0 = Release|Any CPU
	EndGlobalSection
	GlobalSection(SolutionProperties) = preSolution
		HideSolutionNode = FALSE
	EndGlobalSection
	GlobalSection(ExtensibilityGlobals) = postSolution
		SolutionGuid = {2FCA9980-C967-444A-8D41-F9285F0E9637}
	EndGlobalSection
EndGlobal
